
Microsoft Visual Studio Solution File, Format Version 12.00
# Visual Studio Version 17
VisualStudioVersion = 17.2.32630.192
MinimumVisualStudioVersion = 10.0.40219.1
Project("{FAE04EC0-301F-11D3-BF4B-00C04F79EFBC}") = "PorientacaoObjetos", "PorientacaoObjetos\PorientacaoObjetos.csproj", "{52704B4F-4CFB-40A5-936C-68EAAA8E9886}"
EndProject
Global
	GlobalSection(SolutionConfigurationPlatforms) = preSolution
		Debug|Any CPU = Debug|Any CPU
		Release|Any CPU = Release|Any CPU
	EndGlobalSection
	GlobalSection(ProjectConfigurationPlatforms) = postSolution
		{52704B4F-4CFB-40A5-936C-68EAAA8E9886}.Debug|Any CPU.ActiveCfg = Debug|Any CPU
		{52704B4F-4CFB-40A5-936C-68EAAA8E9886}.Debug|Any CPU.Build.0 = Debug|Any CPU
		{52704B4F-4CFB-40A5-936C-68EAAA8E9886}.Release|Any CPU.ActiveCfg = Release|Any CPU
		{52704B4F-4CFB-40A5-936C-68EAAA8E9886}.Release|Any CPU.Build.0 = Release|Any CPU
	EndGlobalSection
	GlobalSection(SolutionProperties) = preSolution
		HideSolutionNode = FALSE
	EndGlobalSection
	GlobalSection(ExtensibilityGlobals) = postSolution
		SolutionGuid = {3D5AA95C-A759-48F4-851A-FB2F0A462DA5}
	EndGlobalSection
EndGlobal
